
Microsoft Visual Studio Solution File, Format Version 12.00
# Visual Studio 15
VisualStudioVersion = 15.0.27130.2026
MinimumVisualStudioVersion = 10.0.40219.1
Project("{FAE04EC0-301F-11D3-BF4B-00C04F79EFBC}") = "WinForms_Net35", "WinForms_Net35\WinForms_Net35.csproj", "{B6611DEC-27AA-4002-B475-E039DFC9E1B5}"
EndProject
Project("{FAE04EC0-301F-11D3-BF4B-00C04F79EFBC}") = "WinForms_Net45", "WinForms_Net45\WinForms_Net45.csproj", "{3B59C00E-C1E7-4C8D-9F47-18D8B5ADF517}"
EndProject
Project("{FAE04EC0-301F-11D3-BF4B-00C04F79EFBC}") = "WPF_Net35", "WPF_Net35\WPF_Net35.csproj", "{46A52288-D953-4005-9AD9-B88A3068060A}"
EndProject
Project("{FAE04EC0-301F-11D3-BF4B-00C04F79EFBC}") = "WPF_Net45", "WPF_Net45\WPF_Net45.csproj", "{F5D3B8C7-7A61-471F-B6B1-04FDE9B4BC37}"
EndProject
Project("{FAE04EC0-301F-11D3-BF4B-00C04F79EFBC}") = "WinForms_Basic_Net35", "WinForms_Basic_Net35\WinForms_Basic_Net35.csproj", "{DDD1F235-9EB8-4C30-B5F0-E57A6245C77E}"
EndProject
Project("{FAE04EC0-301F-11D3-BF4B-00C04F79EFBC}") = "WinForms_Basic_Net45", "WinForms_Basic_Net45\WinForms_Basic_Net45.csproj", "{B2DBCDE4-5FCF-4524-BB32-86FB0C9388E1}"
EndProject
Project("{FAE04EC0-301F-11D3-BF4B-00C04F79EFBC}") = "WPF_Basic_Net35", "WPF_Basic_Net35\WPF_Basic_Net35.csproj", "{8403BC04-406B-4288-B9B9-EA18B626BB3B}"
EndProject
Project("{FAE04EC0-301F-11D3-BF4B-00C04F79EFBC}") = "WPF_Basic_Net45", "WPF_Basic_Net45\WPF_Basic_Net45.csproj", "{033AAF81-00C9-43F6-96BD-5202CF4CDA06}"
EndProject
Project("{FAE04EC0-301F-11D3-BF4B-00C04F79EFBC}") = "Console_Net35", "Console_Net35\Console_Net35.csproj", "{A1B8C51C-A0D9-428D-ABA9-A5D5AF9C7C3A}"
EndProject
Project("{FAE04EC0-301F-11D3-BF4B-00C04F79EFBC}") = "Console_Net45", "Console_Net45\Console_Net45.csproj", "{233BD2DF-E3CF-410C-9F79-5629DAEB205E}"
EndProject
Global
	GlobalSection(SolutionConfigurationPlatforms) = preSolution
		Debug|x64 = Debug|x64
		Debug|x86 = Debug|x86
		Release|x64 = Release|x64
		Release|x86 = Release|x86
	EndGlobalSection
	GlobalSection(ProjectConfigurationPlatforms) = postSolution
		{B6611DEC-27AA-4002-B475-E039DFC9E1B5}.Debug|x64.ActiveCfg = Debug|x64
		{B6611DEC-27AA-4002-B475-E039DFC9E1B5}.Debug|x64.Build.0 = Debug|x64
		{B6611DEC-27AA-4002-B475-E039DFC9E1B5}.Debug|x86.ActiveCfg = Debug|x86
		{B6611DEC-27AA-4002-B475-E039DFC9E1B5}.Debug|x86.Build.0 = Debug|x86
		{B6611DEC-27AA-4002-B475-E039DFC9E1B5}.Release|x64.ActiveCfg = Release|x64
		{B6611DEC-27AA-4002-B475-E039DFC9E1B5}.Release|x64.Build.0 = Release|x64
		{B6611DEC-27AA-4002-B475-E039DFC9E1B5}.Release|x86.ActiveCfg = Release|x86
		{B6611DEC-27AA-4002-B475-E039DFC9E1B5}.Release|x86.Build.0 = Release|x86
		{3B59C00E-C1E7-4C8D-9F47-18D8B5ADF517}.Debug|x64.ActiveCfg = Debug|x64
		{3B59C00E-C1E7-4C8D-9F47-18D8B5ADF517}.Debug|x64.Build.0 = Debug|x64
		{3B59C00E-C1E7-4C8D-9F47-18D8B5ADF517}.Debug|x86.ActiveCfg = Debug|x86
		{3B59C00E-C1E7-4C8D-9F47-18D8B5ADF517}.Debug|x86.Build.0 = Debug|x86
		{3B59C00E-C1E7-4C8D-9F47-18D8B5ADF517}.Release|x64.ActiveCfg = Release|x64
		{3B59C00E-C1E7-4C8D-9F47-18D8B5ADF517}.Release|x64.Build.0 = Release|x64
		{3B59C00E-C1E7-4C8D-9F47-18D8B5ADF517}.Release|x86.ActiveCfg = Release|x86
		{3B59C00E-C1E7-4C8D-9F47-18D8B5ADF517}.Release|x86.Build.0 = Release|x86
		{46A52288-D953-4005-9AD9-B88A3068060A}.Debug|x64.ActiveCfg = Debug|x64
		{46A52288-D953-4005-9AD9-B88A3068060A}.Debug|x64.Build.0 = Debug|x64
		{46A52288-D953-4005-9AD9-B88A3068060A}.Debug|x86.ActiveCfg = Debug|x86
		{46A52288-D953-4005-9AD9-B88A3068060A}.Debug|x86.Build.0 = Debug|x86
		{46A52288-D953-4005-9AD9-B88A3068060A}.Release|x64.ActiveCfg = Release|x64
		{46A52288-D953-4005-9AD9-B88A3068060A}.Release|x64.Build.0 = Release|x64
		{46A52288-D953-4005-9AD9-B88A3068060A}.Release|x86.ActiveCfg = Release|x86
		{46A52288-D953-4005-9AD9-B88A3068060A}.Release|x86.Build.0 = Release|x86
		{F5D3B8C7-7A61-471F-B6B1-04FDE9B4BC37}.Debug|x64.ActiveCfg = Debug|x64
		{F5D3B8C7-7A61-471F-B6B1-04FDE9B4BC37}.Debug|x64.Build.0 = Debug|x64
		{F5D3B8C7-7A61-471F-B6B1-04FDE9B4BC37}.Debug|x86.ActiveCfg = Debug|x86
		{F5D3B8C7-7A61-471F-B6B1-04FDE9B4BC37}.Debug|x86.Build.0 = Debug|x86
		{F5D3B8C7-7A61-471F-B6B1-04FDE9B4BC37}.Release|x64.ActiveCfg = Release|x64
		{F5D3B8C7-7A61-471F-B6B1-04FDE9B4BC37}.Release|x64.Build.0 = Release|x64
		{F5D3B8C7-7A61-471F-B6B1-04FDE9B4BC37}.Release|x86.ActiveCfg = Release|x86
		{F5D3B8C7-7A61-471F-B6B1-04FDE9B4BC37}.Release|x86.Build.0 = Release|x86
		{DDD1F235-9EB8-4C30-B5F0-E57A6245C77E}.Debug|x64.ActiveCfg = Debug|x64
		{DDD1F235-9EB8-4C30-B5F0-E57A6245C77E}.Debug|x64.Build.0 = Debug|x64
		{DDD1F235-9EB8-4C30-B5F0-E57A6245C77E}.Debug|x86.ActiveCfg = Debug|x86
		{DDD1F235-9EB8-4C30-B5F0-E57A6245C77E}.Debug|x86.Build.0 = Debug|x86
		{DDD1F235-9EB8-4C30-B5F0-E57A6245C77E}.Release|x64.ActiveCfg = Release|x64
		{DDD1F235-9EB8-4C30-B5F0-E57A6245C77E}.Release|x64.Build.0 = Release|x64
		{DDD1F235-9EB8-4C30-B5F0-E57A6245C77E}.Release|x86.ActiveCfg = Release|x86
		{DDD1F235-9EB8-4C30-B5F0-E57A6245C77E}.Release|x86.Build.0 = Release|x86
		{B2DBCDE4-5FCF-4524-BB32-86FB0C9388E1}.Debug|x64.ActiveCfg = Debug|x64
		{B2DBCDE4-5FCF-4524-BB32-86FB0C9388E1}.Debug|x64.Build.0 = Debug|x64
		{B2DBCDE4-5FCF-4524-BB32-86FB0C9388E1}.Debug|x86.ActiveCfg = Debug|x86
		{B2DBCDE4-5FCF-4524-BB32-86FB0C9388E1}.Debug|x86.Build.0 = Debug|x86
		{B2DBCDE4-5FCF-4524-BB32-86FB0C9388E1}.Release|x64.ActiveCfg = Release|x64
		{B2DBCDE4-5FCF-4524-BB32-86FB0C9388E1}.Release|x64.Build.0 = Release|x64
		{B2DBCDE4-5FCF-4524-BB32-86FB0C9388E1}.Release|x86.ActiveCfg = Release|x86
		{B2DBCDE4-5FCF-4524-BB32-86FB0C9388E1}.Release|x86.Build.0 = Release|x86
		{8403BC04-406B-4288-B9B9-EA18B626BB3B}.Debug|x64.ActiveCfg = Debug|x64
		{8403BC04-406B-4288-B9B9-EA18B626BB3B}.Debug|x64.Build.0 = Debug|x64
		{8403BC04-406B-4288-B9B9-EA18B626BB3B}.Debug|x86.ActiveCfg = Debug|x86
		{8403BC04-406B-4288-B9B9-EA18B626BB3B}.Debug|x86.Build.0 = Debug|x86
		{8403BC04-406B-4288-B9B9-EA18B626BB3B}.Release|x64.ActiveCfg = Release|x64
		{8403BC04-406B-4288-B9B9-EA18B626BB3B}.Release|x64.Build.0 = Release|x64
		{8403BC04-406B-4288-B9B9-EA18B626BB3B}.Release|x86.ActiveCfg = Release|x86
		{8403BC04-406B-4288-B9B9-EA18B626BB3B}.Release|x86.Build.0 = Release|x86
		{033AAF81-00C9-43F6-96BD-5202CF4CDA06}.Debug|x64.ActiveCfg = Debug|x64
		{033AAF81-00C9-43F6-96BD-5202CF4CDA06}.Debug|x64.Build.0 = Debug|x64
		{033AAF81-00C9-43F6-96BD-5202CF4CDA06}.Debug|x86.ActiveCfg = Debug|x86
		{033AAF81-00C9-43F6-96BD-5202CF4CDA06}.Debug|x86.Build.0 = Debug|x86
		{033AAF81-00C9-43F6-96BD-5202CF4CDA06}.Release|x64.ActiveCfg = Release|x64
		{033AAF81-00C9-43F6-96BD-5202CF4CDA06}.Release|x64.Build.0 = Release|x64
		{033AAF81-00C9-43F6-96BD-5202CF4CDA06}.Release|x86.ActiveCfg = Release|x86
		{033AAF81-00C9-43F6-96BD-5202CF4CDA06}.Release|x86.Build.0 = Release|x86
		{A1B8C51C-A0D9-428D-ABA9-A5D5AF9C7C3A}.Debug|x64.ActiveCfg = Debug|x64
		{A1B8C51C-A0D9-428D-ABA9-A5D5AF9C7C3A}.Debug|x64.Build.0 = Debug|x64
		{A1B8C51C-A0D9-428D-ABA9-A5D5AF9C7C3A}.Debug|x86.ActiveCfg = Debug|x86
		{A1B8C51C-A0D9-428D-ABA9-A5D5AF9C7C3A}.Debug|x86.Build.0 = Debug|x86
		{A1B8C51C-A0D9-428D-ABA9-A5D5AF9C7C3A}.Release|x64.ActiveCfg = Release|x64
		{A1B8C51C-A0D9-428D-ABA9-A5D5AF9C7C3A}.Release|x64.Build.0 = Release|x64
		{A1B8C51C-A0D9-428D-ABA9-A5D5AF9C7C3A}.Release|x86.ActiveCfg = Release|x86
		{A1B8C51C-A0D9-428D-ABA9-A5D5AF9C7C3A}.Release|x86.Build.0 = Release|x86
		{233BD2DF-E3CF-410C-9F79-5629DAEB205E}.Debug|x64.ActiveCfg = Debug|x64
		{233BD2DF-E3CF-410C-9F79-5629DAEB205E}.Debug|x64.Build.0 = Debug|x64
		{233BD2DF-E3CF-410C-9F79-5629DAEB205E}.Debug|x86.ActiveCfg = Debug|x86
		{233BD2DF-E3CF-410C-9F79-5629DAEB205E}.Debug|x86.Build.0 = Debug|x86
		{233BD2DF-E3CF-410C-9F79-5629DAEB205E}.Release|x64.ActiveCfg = Release|x64
		{233BD2DF-E3CF-410C-9F79-5629DAEB205E}.Release|x64.Build.0 = Release|x64
		{233BD2DF-E3CF-410C-9F79-5629DAEB205E}.Release|x86.ActiveCfg = Release|x86
		{233BD2DF-E3CF-410C-9F79-5629DAEB205E}.Release|x86.Build.0 = Release|x86
	EndGlobalSection
	GlobalSection(SolutionProperties) = preSolution
		HideSolutionNode = FALSE
	EndGlobalSection
	GlobalSection(ExtensibilityGlobals) = postSolution
		SolutionGuid = {2778DC4F-48FB-483D-8D41-8241058F1E76}
	EndGlobalSection
EndGlobal
